
Microsoft Visual Studio Solution File, Format Version 12.00
# Visual Studio Version 16
VisualStudioVersion = 16.0.33214.272
MinimumVisualStudioVersion = 10.0.40219.1
Project("{9A19103F-16F7-4668-BE54-9A1E7A4F7556}") = "FigureLibrary", "FigureLibrary.csproj", "{55A379B5-1E05-41B2-8AE6-6C7B614B9820}"
EndProject
Project("{9A19103F-16F7-4668-BE54-9A1E7A4F7556}") = "FigureConsole", "..\FigureConsole\FigureConsole.csproj", "{10FBF99B-25FF-469E-9187-06F53E14BA7E}"
EndProject
Global
	GlobalSection(SolutionConfigurationPlatforms) = preSolution
		Debug|Any CPU = Debug|Any CPU
		Release|Any CPU = Release|Any CPU
	EndGlobalSection
	GlobalSection(ProjectConfigurationPlatforms) = postSolution
		{55A379B5-1E05-41B2-8AE6-6C7B614B9820}.Debug|Any CPU.ActiveCfg = Debug|Any CPU
		{55A379B5-1E05-41B2-8AE6-6C7B614B9820}.Debug|Any CPU.Build.0 = Debug|Any CPU
		{55A379B5-1E05-41B2-8AE6-6C7B614B9820}.Release|Any CPU.ActiveCfg = Release|Any CPU
		{55A379B5-1E05-41B2-8AE6-6C7B614B9820}.Release|Any CPU.Build.0 = Release|Any CPU
		{10FBF99B-25FF-469E-9187-06F53E14BA7E}.Debug|Any CPU.ActiveCfg = Debug|Any CPU
		{10FBF99B-25FF-469E-9187-06F53E14BA7E}.Debug|Any CPU.Build.0 = Debug|Any CPU
		{10FBF99B-25FF-469E-9187-06F53E14BA7E}.Release|Any CPU.ActiveCfg = Release|Any CPU
		{10FBF99B-25FF-469E-9187-06F53E14BA7E}.Release|Any CPU.Build.0 = Release|Any CPU
	EndGlobalSection
	GlobalSection(SolutionProperties) = preSolution
		HideSolutionNode = FALSE
	EndGlobalSection
	GlobalSection(ExtensibilityGlobals) = postSolution
		SolutionGuid = {B4E8FC0C-FAF0-416D-953D-F6790666D7A7}
	EndGlobalSection
EndGlobal
